{
  "name": "pctools",
  "lockfileVersion": 2,
  "requires": true,
  "packages": {
    "": {
      "dependencies": {
        "utf-8": "^2.0.0"
      }
    },
    "node_modules/utf-8": {
      "version": "2.0.0",
      "resolved": "https://registry.npmjs.org/utf-8/-/utf-8-2.0.0.tgz",
      "integrity": "sha512-DItg/Z20ltBzugPrb8Mx1oN0F8CqN5bD38T57YM/pF/GOzUsNVXiellI0PbJPq3e1Z7BEDNoWP1H1+4n7g54Cg==",
      "engines": {
        "node": ">=6.9.5"
      }
    }
  },
  "dependencies": {
    "utf-8": {
      "version": "2.0.0",
      "resolved": "https://registry.npmjs.org/utf-8/-/utf-8-2.0.0.tgz",
      "integrity": "sha512-DItg/Z20ltBzugPrb8Mx1oN0F8CqN5bD38T57YM/pF/GOzUsNVXiellI0PbJPq3e1Z7BEDNoWP1H1+4n7g54Cg=="
    }
  }
}
